
Microsoft Visual Studio Solution File, Format Version 12.00
# Visual Studio 15
VisualStudioVersion = 15.0.28307.902
MinimumVisualStudioVersion = 10.0.40219.1
Project("{FAE04EC0-301F-11D3-BF4B-00C04F79EFBC}") = "xamarinTest.Android", "xamarinTest\xamarinTest.Android\xamarinTest.Android.csproj", "{90C25929-F57B-4626-85F2-88DA6269F9EB}"
EndProject
Project("{FAE04EC0-301F-11D3-BF4B-00C04F79EFBC}") = "xamarinTest.iOS", "xamarinTest\xamarinTest.iOS\xamarinTest.iOS.csproj", "{1CAF12E5-2C7B-4157-A99A-274EC2D2DCDF}"
EndProject
Project("{FAE04EC0-301F-11D3-BF4B-00C04F79EFBC}") = "xamarinTest", "xamarinTest\xamarinTest\xamarinTest.csproj", "{C135D7A8-0E6A-4A5F-96FB-B3FEFCEAE25D}"
EndProject
Global
	GlobalSection(SolutionConfigurationPlatforms) = preSolution
		Ad-Hoc|Any CPU = Ad-Hoc|Any CPU
		Ad-Hoc|iPhone = Ad-Hoc|iPhone
		Ad-Hoc|iPhoneSimulator = Ad-Hoc|iPhoneSimulator
		AppStore|Any CPU = AppStore|Any CPU
		AppStore|iPhone = AppStore|iPhone
		AppStore|iPhoneSimulator = AppStore|iPhoneSimulator
		Debug|Any CPU = Debug|Any CPU
		Debug|iPhone = Debug|iPhone
		Debug|iPhoneSimulator = Debug|iPhoneSimulator
		Release|Any CPU = Release|Any CPU
		Release|iPhone = Release|iPhone
		Release|iPhoneSimulator = Release|iPhoneSimulator
	EndGlobalSection
	GlobalSection(ProjectConfigurationPlatforms) = postSolution
		{90C25929-F57B-4626-85F2-88DA6269F9EB}.Ad-Hoc|Any CPU.ActiveCfg = Release|Any CPU
		{90C25929-F57B-4626-85F2-88DA6269F9EB}.Ad-Hoc|Any CPU.Build.0 = Release|Any CPU
		{90C25929-F57B-4626-85F2-88DA6269F9EB}.Ad-Hoc|Any CPU.Deploy.0 = Release|Any CPU
		{90C25929-F57B-4626-85F2-88DA6269F9EB}.Ad-Hoc|iPhone.ActiveCfg = Release|Any CPU
		{90C25929-F57B-4626-85F2-88DA6269F9EB}.Ad-Hoc|iPhone.Build.0 = Release|Any CPU
		{90C25929-F57B-4626-85F2-88DA6269F9EB}.Ad-Hoc|iPhone.Deploy.0 = Release|Any CPU
		{90C25929-F57B-4626-85F2-88DA6269F9EB}.Ad-Hoc|iPhoneSimulator.ActiveCfg = Release|Any CPU
		{90C25929-F57B-4626-85F2-88DA6269F9EB}.Ad-Hoc|iPhoneSimulator.Build.0 = Release|Any CPU
		{90C25929-F57B-4626-85F2-88DA6269F9EB}.Ad-Hoc|iPhoneSimulator.Deploy.0 = Release|Any CPU
		{90C25929-F57B-4626-85F2-88DA6269F9EB}.AppStore|Any CPU.ActiveCfg = Release|Any CPU
		{90C25929-F57B-4626-85F2-88DA6269F9EB}.AppStore|Any CPU.Build.0 = Release|Any CPU
		{90C25929-F57B-4626-85F2-88DA6269F9EB}.AppStore|Any CPU.Deploy.0 = Release|Any CPU
		{90C25929-F57B-4626-85F2-88DA6269F9EB}.AppStore|iPhone.ActiveCfg = Release|Any CPU
		{90C25929-F57B-4626-85F2-88DA6269F9EB}.AppStore|iPhone.Build.0 = Release|Any CPU
		{90C25929-F57B-4626-85F2-88DA6269F9EB}.AppStore|iPhone.Deploy.0 = Release|Any CPU
		{90C25929-F57B-4626-85F2-88DA6269F9EB}.AppStore|iPhoneSimulator.ActiveCfg = Release|Any CPU
		{90C25929-F57B-4626-85F2-88DA6269F9EB}.AppStore|iPhoneSimulator.Build.0 = Release|Any CPU
		{90C25929-F57B-4626-85F2-88DA6269F9EB}.AppStore|iPhoneSimulator.Deploy.0 = Release|Any CPU
		{90C25929-F57B-4626-85F2-88DA6269F9EB}.Debug|Any CPU.ActiveCfg = Debug|Any CPU
		{90C25929-F57B-4626-85F2-88DA6269F9EB}.Debug|Any CPU.Build.0 = Debug|Any CPU
		{90C25929-F57B-4626-85F2-88DA6269F9EB}.Debug|Any CPU.Deploy.0 = Debug|Any CPU
		{90C25929-F57B-4626-85F2-88DA6269F9EB}.Debug|iPhone.ActiveCfg = Debug|Any CPU
		{90C25929-F57B-4626-85F2-88DA6269F9EB}.Debug|iPhone.Build.0 = Debug|Any CPU
		{90C25929-F57B-4626-85F2-88DA6269F9EB}.Debug|iPhone.Deploy.0 = Debug|Any CPU
		{90C25929-F57B-4626-85F2-88DA6269F9EB}.Debug|iPhoneSimulator.ActiveCfg = Debug|Any CPU
		{90C25929-F57B-4626-85F2-88DA6269F9EB}.Debug|iPhoneSimulator.Build.0 = Debug|Any CPU
		{90C25929-F57B-4626-85F2-88DA6269F9EB}.Debug|iPhoneSimulator.Deploy.0 = Debug|Any CPU
		{90C25929-F57B-4626-85F2-88DA6269F9EB}.Release|Any CPU.ActiveCfg = Release|Any CPU
		{90C25929-F57B-4626-85F2-88DA6269F9EB}.Release|Any CPU.Build.0 = Release|Any CPU
		{90C25929-F57B-4626-85F2-88DA6269F9EB}.Release|Any CPU.Deploy.0 = Release|Any CPU
		{90C25929-F57B-4626-85F2-88DA6269F9EB}.Release|iPhone.ActiveCfg = Release|Any CPU
		{90C25929-F57B-4626-85F2-88DA6269F9EB}.Release|iPhone.Build.0 = Release|Any CPU
		{90C25929-F57B-4626-85F2-88DA6269F9EB}.Release|iPhone.Deploy.0 = Release|Any CPU
		{90C25929-F57B-4626-85F2-88DA6269F9EB}.Release|iPhoneSimulator.ActiveCfg = Release|Any CPU
		{90C25929-F57B-4626-85F2-88DA6269F9EB}.Release|iPhoneSimulator.Build.0 = Release|Any CPU
		{90C25929-F57B-4626-85F2-88DA6269F9EB}.Release|iPhoneSimulator.Deploy.0 = Release|Any CPU
		{1CAF12E5-2C7B-4157-A99A-274EC2D2DCDF}.Ad-Hoc|Any CPU.ActiveCfg = Ad-Hoc|iPhone
		{1CAF12E5-2C7B-4157-A99A-274EC2D2DCDF}.Ad-Hoc|Any CPU.Build.0 = Ad-Hoc|iPhone
		{1CAF12E5-2C7B-4157-A99A-274EC2D2DCDF}.Ad-Hoc|Any CPU.Deploy.0 = Ad-Hoc|iPhone
		{1CAF12E5-2C7B-4157-A99A-274EC2D2DCDF}.Ad-Hoc|iPhone.ActiveCfg = Ad-Hoc|iPhone
		{1CAF12E5-2C7B-4157-A99A-274EC2D2DCDF}.Ad-Hoc|iPhone.Build.0 = Ad-Hoc|iPhone
		{1CAF12E5-2C7B-4157-A99A-274EC2D2DCDF}.Ad-Hoc|iPhone.Deploy.0 = Ad-Hoc|iPhone
		{1CAF12E5-2C7B-4157-A99A-274EC2D2DCDF}.Ad-Hoc|iPhoneSimulator.ActiveCfg = Ad-Hoc|iPhoneSimulator
		{1CAF12E5-2C7B-4157-A99A-274EC2D2DCDF}.Ad-Hoc|iPhoneSimulator.Build.0 = Ad-Hoc|iPhoneSimulator
		{1CAF12E5-2C7B-4157-A99A-274EC2D2DCDF}.Ad-Hoc|iPhoneSimulator.Deploy.0 = Ad-Hoc|iPhoneSimulator
		{1CAF12E5-2C7B-4157-A99A-274EC2D2DCDF}.AppStore|Any CPU.ActiveCfg = AppStore|iPhone
		{1CAF12E5-2C7B-4157-A99A-274EC2D2DCDF}.AppStore|Any CPU.Build.0 = AppStore|iPhone
		{1CAF12E5-2C7B-4157-A99A-274EC2D2DCDF}.AppStore|Any CPU.Deploy.0 = AppStore|iPhone
		{1CAF12E5-2C7B-4157-A99A-274EC2D2DCDF}.AppStore|iPhone.ActiveCfg = AppStore|iPhone
		{1CAF12E5-2C7B-4157-A99A-274EC2D2DCDF}.AppStore|iPhone.Build.0 = AppStore|iPhone
		{1CAF12E5-2C7B-4157-A99A-274EC2D2DCDF}.AppStore|iPhone.Deploy.0 = AppStore|iPhone
		{1CAF12E5-2C7B-4157-A99A-274EC2D2DCDF}.AppStore|iPhoneSimulator.ActiveCfg = AppStore|iPhoneSimulator
		{1CAF12E5-2C7B-4157-A99A-274EC2D2DCDF}.AppStore|iPhoneSimulator.Build.0 = AppStore|iPhoneSimulator
		{1CAF12E5-2C7B-4157-A99A-274EC2D2DCDF}.AppStore|iPhoneSimulator.Deploy.0 = AppStore|iPhoneSimulator
		{1CAF12E5-2C7B-4157-A99A-274EC2D2DCDF}.Debug|Any CPU.ActiveCfg = Debug|iPhoneSimulator
		{1CAF12E5-2C7B-4157-A99A-274EC2D2DCDF}.Debug|Any CPU.Build.0 = Debug|iPhoneSimulator
		{1CAF12E5-2C7B-4157-A99A-274EC2D2DCDF}.Debug|Any CPU.Deploy.0 = Debug|iPhoneSimulator
		{1CAF12E5-2C7B-4157-A99A-274EC2D2DCDF}.Debug|iPhone.ActiveCfg = Debug|iPhone
		{1CAF12E5-2C7B-4157-A99A-274EC2D2DCDF}.Debug|iPhone.Build.0 = Debug|iPhone
		{1CAF12E5-2C7B-4157-A99A-274EC2D2DCDF}.Debug|iPhone.Deploy.0 = Debug|iPhone
		{1CAF12E5-2C7B-4157-A99A-274EC2D2DCDF}.Debug|iPhoneSimulator.ActiveCfg = Debug|iPhoneSimulator
		{1CAF12E5-2C7B-4157-A99A-274EC2D2DCDF}.Debug|iPhoneSimulator.Build.0 = Debug|iPhoneSimulator
		{1CAF12E5-2C7B-4157-A99A-274EC2D2DCDF}.Debug|iPhoneSimulator.Deploy.0 = Debug|iPhoneSimulator
		{1CAF12E5-2C7B-4157-A99A-274EC2D2DCDF}.Release|Any CPU.ActiveCfg = Release|iPhone
		{1CAF12E5-2C7B-4157-A99A-274EC2D2DCDF}.Release|Any CPU.Build.0 = Release|iPhone
		{1CAF12E5-2C7B-4157-A99A-274EC2D2DCDF}.Release|Any CPU.Deploy.0 = Release|iPhone
		{1CAF12E5-2C7B-4157-A99A-274EC2D2DCDF}.Release|iPhone.ActiveCfg = Release|iPhone
		{1CAF12E5-2C7B-4157-A99A-274EC2D2DCDF}.Release|iPhone.Build.0 = Release|iPhone
		{1CAF12E5-2C7B-4157-A99A-274EC2D2DCDF}.Release|iPhone.Deploy.0 = Release|iPhone
		{1CAF12E5-2C7B-4157-A99A-274EC2D2DCDF}.Release|iPhoneSimulator.ActiveCfg = Release|iPhoneSimulator
		{1CAF12E5-2C7B-4157-A99A-274EC2D2DCDF}.Release|iPhoneSimulator.Build.0 = Release|iPhoneSimulator
		{1CAF12E5-2C7B-4157-A99A-274EC2D2DCDF}.Release|iPhoneSimulator.Deploy.0 = Release|iPhoneSimulator
		{C135D7A8-0E6A-4A5F-96FB-B3FEFCEAE25D}.Ad-Hoc|Any CPU.ActiveCfg = Debug|Any CPU
		{C135D7A8-0E6A-4A5F-96FB-B3FEFCEAE25D}.Ad-Hoc|Any CPU.Build.0 = Debug|Any CPU
		{C135D7A8-0E6A-4A5F-96FB-B3FEFCEAE25D}.Ad-Hoc|Any CPU.Deploy.0 = Debug|Any CPU
		{C135D7A8-0E6A-4A5F-96FB-B3FEFCEAE25D}.Ad-Hoc|iPhone.ActiveCfg = Debug|Any CPU
		{C135D7A8-0E6A-4A5F-96FB-B3FEFCEAE25D}.Ad-Hoc|iPhone.Build.0 = Debug|Any CPU
		{C135D7A8-0E6A-4A5F-96FB-B3FEFCEAE25D}.Ad-Hoc|iPhone.Deploy.0 = Debug|Any CPU
		{C135D7A8-0E6A-4A5F-96FB-B3FEFCEAE25D}.Ad-Hoc|iPhoneSimulator.ActiveCfg = Debug|Any CPU
		{C135D7A8-0E6A-4A5F-96FB-B3FEFCEAE25D}.Ad-Hoc|iPhoneSimulator.Build.0 = Debug|Any CPU
		{C135D7A8-0E6A-4A5F-96FB-B3FEFCEAE25D}.Ad-Hoc|iPhoneSimulator.Deploy.0 = Debug|Any CPU
		{C135D7A8-0E6A-4A5F-96FB-B3FEFCEAE25D}.AppStore|Any CPU.ActiveCfg = Debug|Any CPU
		{C135D7A8-0E6A-4A5F-96FB-B3FEFCEAE25D}.AppStore|Any CPU.Build.0 = Debug|Any CPU
		{C135D7A8-0E6A-4A5F-96FB-B3FEFCEAE25D}.AppStore|Any CPU.Deploy.0 = Debug|Any CPU
		{C135D7A8-0E6A-4A5F-96FB-B3FEFCEAE25D}.AppStore|iPhone.ActiveCfg = Debug|Any CPU
		{C135D7A8-0E6A-4A5F-96FB-B3FEFCEAE25D}.AppStore|iPhone.Build.0 = Debug|Any CPU
		{C135D7A8-0E6A-4A5F-96FB-B3FEFCEAE25D}.AppStore|iPhone.Deploy.0 = Debug|Any CPU
		{C135D7A8-0E6A-4A5F-96FB-B3FEFCEAE25D}.AppStore|iPhoneSimulator.ActiveCfg = Debug|Any CPU
		{C135D7A8-0E6A-4A5F-96FB-B3FEFCEAE25D}.AppStore|iPhoneSimulator.Build.0 = Debug|Any CPU
		{C135D7A8-0E6A-4A5F-96FB-B3FEFCEAE25D}.AppStore|iPhoneSimulator.Deploy.0 = Debug|Any CPU
		{C135D7A8-0E6A-4A5F-96FB-B3FEFCEAE25D}.Debug|Any CPU.ActiveCfg = Debug|Any CPU
		{C135D7A8-0E6A-4A5F-96FB-B3FEFCEAE25D}.Debug|Any CPU.Build.0 = Debug|Any CPU
		{C135D7A8-0E6A-4A5F-96FB-B3FEFCEAE25D}.Debug|Any CPU.Deploy.0 = Debug|Any CPU
		{C135D7A8-0E6A-4A5F-96FB-B3FEFCEAE25D}.Debug|iPhone.ActiveCfg = Debug|Any CPU
		{C135D7A8-0E6A-4A5F-96FB-B3FEFCEAE25D}.Debug|iPhone.Build.0 = Debug|Any CPU
		{C135D7A8-0E6A-4A5F-96FB-B3FEFCEAE25D}.Debug|iPhone.Deploy.0 = Debug|Any CPU
		{C135D7A8-0E6A-4A5F-96FB-B3FEFCEAE25D}.Debug|iPhoneSimulator.ActiveCfg = Debug|Any CPU
		{C135D7A8-0E6A-4A5F-96FB-B3FEFCEAE25D}.Debug|iPhoneSimulator.Build.0 = Debug|Any CPU
		{C135D7A8-0E6A-4A5F-96FB-B3FEFCEAE25D}.Debug|iPhoneSimulator.Deploy.0 = Debug|Any CPU
		{C135D7A8-0E6A-4A5F-96FB-B3FEFCEAE25D}.Release|Any CPU.ActiveCfg = Release|Any CPU
		{C135D7A8-0E6A-4A5F-96FB-B3FEFCEAE25D}.Release|Any CPU.Build.0 = Release|Any CPU
		{C135D7A8-0E6A-4A5F-96FB-B3FEFCEAE25D}.Release|Any CPU.Deploy.0 = Release|Any CPU
		{C135D7A8-0E6A-4A5F-96FB-B3FEFCEAE25D}.Release|iPhone.ActiveCfg = Release|Any CPU
		{C135D7A8-0E6A-4A5F-96FB-B3FEFCEAE25D}.Release|iPhone.Build.0 = Release|Any CPU
		{C135D7A8-0E6A-4A5F-96FB-B3FEFCEAE25D}.Release|iPhone.Deploy.0 = Release|Any CPU
		{C135D7A8-0E6A-4A5F-96FB-B3FEFCEAE25D}.Release|iPhoneSimulator.ActiveCfg = Release|Any CPU
		{C135D7A8-0E6A-4A5F-96FB-B3FEFCEAE25D}.Release|iPhoneSimulator.Build.0 = Release|Any CPU
		{C135D7A8-0E6A-4A5F-96FB-B3FEFCEAE25D}.Release|iPhoneSimulator.Deploy.0 = Release|Any CPU
	EndGlobalSection
	GlobalSection(SolutionProperties) = preSolution
		HideSolutionNode = FALSE
	EndGlobalSection
	GlobalSection(ExtensibilityGlobals) = postSolution
		SolutionGuid = {F7F25A79-F8F7-491E-9AD1-FEE013DD01FA}
	EndGlobalSection
EndGlobal
